
Microsoft Visual Studio Solution File, Format Version 12.00
# Visual Studio Version 17
VisualStudioVersion = 17.1.32328.378
MinimumVisualStudioVersion = 10.0.40219.1
Project("{9A19103F-16F7-4668-BE54-9A1E7A4F7556}") = "PoustResume", "source\PoustResume\PoustResume.csproj", "{2786CAF4-2108-4C34-9057-AC984326B31E}"
EndProject
Project("{2150E333-8FDC-42A3-9474-1A3956D46DE8}") = "source", "source", "{2C81D546-09FC-4204-BCC9-68C599BDE5E8}"
EndProject
Project("{2150E333-8FDC-42A3-9474-1A3956D46DE8}") = "solution-items", "solution-items", "{CE491026-1B86-44FE-A6B2-0015412F464D}"
	ProjectSection(SolutionItems) = preProject
		.editorconfig = .editorconfig
		.gitattributes = .gitattributes
		.gitignore = .gitignore
		LICENSE = LICENSE
		nuget.config = nuget.config
		README.md = README.md
	EndProjectSection
EndProject
Project("{2150E333-8FDC-42A3-9474-1A3956D46DE8}") = "tests", "tests", "{64AB6EDB-7860-4074-9AD4-EBB6303217E3}"
EndProject
Project("{2150E333-8FDC-42A3-9474-1A3956D46DE8}") = ".github", ".github", "{FF044584-6A9C-47AA-BFDC-43F7D1CDDC80}"
EndProject
Project("{2150E333-8FDC-42A3-9474-1A3956D46DE8}") = "workflows", "workflows", "{078DE74C-8B9C-4A3A-8C68-CB950BCCC593}"
	ProjectSection(SolutionItems) = preProject
		.github\workflows\codeql-analysis.yml = .github\workflows\codeql-analysis.yml
		.github\workflows\main.yml = .github\workflows\main.yml
	EndProjectSection
EndProject
Project("{2150E333-8FDC-42A3-9474-1A3956D46DE8}") = "ISSUE_TEMPLATE", "ISSUE_TEMPLATE", "{074B7164-3551-4E5A-ACAA-575AB483FB82}"
	ProjectSection(SolutionItems) = preProject
		.github\ISSUE_TEMPLATE\bug_report.md = .github\ISSUE_TEMPLATE\bug_report.md
	EndProjectSection
EndProject
Global
	GlobalSection(SolutionConfigurationPlatforms) = preSolution
		Debug|Any CPU = Debug|Any CPU
		Release|Any CPU = Release|Any CPU
	EndGlobalSection
	GlobalSection(ProjectConfigurationPlatforms) = postSolution
		{2786CAF4-2108-4C34-9057-AC984326B31E}.Debug|Any CPU.ActiveCfg = Debug|Any CPU
		{2786CAF4-2108-4C34-9057-AC984326B31E}.Debug|Any CPU.Build.0 = Debug|Any CPU
		{2786CAF4-2108-4C34-9057-AC984326B31E}.Release|Any CPU.ActiveCfg = Release|Any CPU
		{2786CAF4-2108-4C34-9057-AC984326B31E}.Release|Any CPU.Build.0 = Release|Any CPU
	EndGlobalSection
	GlobalSection(SolutionProperties) = preSolution
		HideSolutionNode = FALSE
	EndGlobalSection
	GlobalSection(NestedProjects) = preSolution
		{2786CAF4-2108-4C34-9057-AC984326B31E} = {2C81D546-09FC-4204-BCC9-68C599BDE5E8}
		{FF044584-6A9C-47AA-BFDC-43F7D1CDDC80} = {CE491026-1B86-44FE-A6B2-0015412F464D}
		{078DE74C-8B9C-4A3A-8C68-CB950BCCC593} = {FF044584-6A9C-47AA-BFDC-43F7D1CDDC80}
		{074B7164-3551-4E5A-ACAA-575AB483FB82} = {FF044584-6A9C-47AA-BFDC-43F7D1CDDC80}
	EndGlobalSection
	GlobalSection(ExtensibilityGlobals) = postSolution
		SolutionGuid = {0420B451-BD66-4CF1-9350-19769F73920B}
	EndGlobalSection
EndGlobal
